// !$*UTF8*$!
{
	archiveVersion = 1;
	classes = {
	};
	objectVersion = 46;
	objects = {

/* Begin PBXBuildFile section */
		4B2E52EA1DA942840040D091 /* Main.storyboard in Resources */ = {isa = PBXBuildFile; fileRef = 4B2E52E81DA942840040D091 /* Main.storyboard */; };
		4B2E52EC1DA942840040D091 /* Assets.xcassets in Resources */ = {isa = PBXBuildFile; fileRef = 4B2E52EB1DA942840040D091 /* Assets.xcassets */; };
		4B2E52EF1DA942840040D091 /* LaunchScreen.storyboard in Resources */ = {isa = PBXBuildFile; fileRef = 4B2E52ED1DA942840040D091 /* LaunchScreen.storyboard */; };
		4B31D80922B58F0F00494B15 /* SiteStorage.swift in Sources */ = {isa = PBXBuildFile; fileRef = 4B31D80822B58F0F00494B15 /* SiteStorage.swift */; };
		4B5BCEF922B5B94C00E551BD /* AppDelegate.swift in Sources */ = {isa = PBXBuildFile; fileRef = 4B5BCEF822B5B94C00E551BD /* AppDelegate.swift */; };
		4B5BCEFB22B5CF3200E551BD /* MainViewController.swift in Sources */ = {isa = PBXBuildFile; fileRef = 4B5BCEFA22B5CF3200E551BD /* MainViewController.swift */; };
		4B5BCEFD22B5D98800E551BD /* SelectKeyFileController.swift in Sources */ = {isa = PBXBuildFile; fileRef = 4B5BCEFC22B5D98800E551BD /* SelectKeyFileController.swift */; };
		4B5BCEFF22B5E36900E551BD /* ShowDetailsController.swift in Sources */ = {isa = PBXBuildFile; fileRef = 4B5BCEFE22B5E36900E551BD /* ShowDetailsController.swift */; };
		4B93656E22B5ADA00099DD08 /* HTTPServerDelegate.swift in Sources */ = {isa = PBXBuildFile; fileRef = 4B93656D22B5ADA00099DD08 /* HTTPServerDelegate.swift */; };
		4B93657022B5AE2C0099DD08 /* AboutController.swift in Sources */ = {isa = PBXBuildFile; fileRef = 4B93656F22B5AE2C0099DD08 /* AboutController.swift */; };
		4B93657222B5B1FB0099DD08 /* AddSiteController.swift in Sources */ = {isa = PBXBuildFile; fileRef = 4B93657122B5B1FB0099DD08 /* AddSiteController.swift */; };
		4B9525251F96BB900095F259 /* ObjFW.framework in Frameworks */ = {isa = PBXBuildFile; fileRef = 4B9525231F96BB820095F259 /* ObjFW.framework */; };
		4B9525261F96BB900095F259 /* ObjFWBridge.framework in Frameworks */ = {isa = PBXBuildFile; fileRef = 4B9525241F96BB820095F259 /* ObjFWBridge.framework */; };
		4B9525291F994CD30095F259 /* ObjFW.framework in Embed Frameworks */ = {isa = PBXBuildFile; fileRef = 4B9525231F96BB820095F259 /* ObjFW.framework */; settings = {ATTRIBUTES = (CodeSignOnCopy, RemoveHeadersOnCopy, ); }; };
		4B95252A1F9953350095F259 /* ObjFWBridge.framework in Embed Frameworks */ = {isa = PBXBuildFile; fileRef = 4B9525241F96BB820095F259 /* ObjFWBridge.framework */; settings = {ATTRIBUTES = (CodeSignOnCopy, RemoveHeadersOnCopy, ); }; };
		4BA115D21DA9432D007ED4EA /* LegacyPasswordGenerator.m in Sources */ = {isa = PBXBuildFile; fileRef = 4BA115CE1DA9432D007ED4EA /* LegacyPasswordGenerator.m */; settings = {COMPILER_FLAGS = "-fconstant-string-class=OFConstantString -fno-constant-cfstrings"; }; };
		4BA115D31DA9432D007ED4EA /* NewPasswordGenerator.m in Sources */ = {isa = PBXBuildFile; fileRef = 4BA115D01DA9432D007ED4EA /* NewPasswordGenerator.m */; settings = {COMPILER_FLAGS = "-fconstant-string-class=OFConstantString -fno-constant-cfstrings"; }; };
		4BA115D61DA94390007ED4EA /* UIKit.framework in Frameworks */ = {isa = PBXBuildFile; fileRef = 4BA115D51DA94390007ED4EA /* UIKit.framework */; };
		4BF4ADEA1DA9A3DB0073B995 /* Foundation.framework in Frameworks */ = {isa = PBXBuildFile; fileRef = 4BF4ADE91DA9A3DB0073B995 /* Foundation.framework */; };
		4BF4C3A022B602F50034FCED /* main.m in Sources */ = {isa = PBXBuildFile; fileRef = 4BF4C39F22B602F50034FCED /* main.m */; };
/* End PBXBuildFile section */

/* Begin PBXCopyFilesBuildPhase section */
		4BB3CDF61DA967C100FEE5ED /* Embed Frameworks */ = {
			isa = PBXCopyFilesBuildPhase;
			buildActionMask = 12;
			dstPath = "";
			dstSubfolderSpec = 10;
			files = (
				4B9525291F994CD30095F259 /* ObjFW.framework in Embed Frameworks */,
				4B95252A1F9953350095F259 /* ObjFWBridge.framework in Embed Frameworks */,
			);
			name = "Embed Frameworks";
			runOnlyForDeploymentPostprocessing = 0;
		};
/* End PBXCopyFilesBuildPhase section */

/* Begin PBXFileReference section */
		4B2E52DC1DA942840040D091 /* CryptoPassphrase.app */ = {isa = PBXFileReference; explicitFileType = wrapper.application; includeInIndex = 0; path = CryptoPassphrase.app; sourceTree = BUILT_PRODUCTS_DIR; };
		4B2E52E91DA942840040D091 /* Base */ = {isa = PBXFileReference; lastKnownFileType = file.storyboard; name = Base; path = Base.lproj/Main.storyboard; sourceTree = "<group>"; };
		4B2E52EB1DA942840040D091 /* Assets.xcassets */ = {isa = PBXFileReference; lastKnownFileType = folder.assetcatalog; path = Assets.xcassets; sourceTree = "<group>"; };
		4B2E52EE1DA942840040D091 /* Base */ = {isa = PBXFileReference; lastKnownFileType = file.storyboard; name = Base; path = Base.lproj/LaunchScreen.storyboard; sourceTree = "<group>"; };
		4B2E52F01DA942840040D091 /* Info.plist */ = {isa = PBXFileReference; lastKnownFileType = text.plist.xml; path = Info.plist; sourceTree = "<group>"; };
		4B31D80822B58F0F00494B15 /* SiteStorage.swift */ = {isa = PBXFileReference; lastKnownFileType = sourcecode.swift; path = SiteStorage.swift; sourceTree = "<group>"; };
		4B38148322B5ED01005C27B2 /* bridge.h */ = {isa = PBXFileReference; lastKnownFileType = sourcecode.c.h; path = bridge.h; sourceTree = "<group>"; };
		4B5BCEF822B5B94C00E551BD /* AppDelegate.swift */ = {isa = PBXFileReference; lastKnownFileType = sourcecode.swift; path = AppDelegate.swift; sourceTree = "<group>"; };
		4B5BCEFA22B5CF3200E551BD /* MainViewController.swift */ = {isa = PBXFileReference; lastKnownFileType = sourcecode.swift; path = MainViewController.swift; sourceTree = "<group>"; };
		4B5BCEFC22B5D98800E551BD /* SelectKeyFileController.swift */ = {isa = PBXFileReference; lastKnownFileType = sourcecode.swift; path = SelectKeyFileController.swift; sourceTree = "<group>"; };
		4B5BCEFE22B5E36900E551BD /* ShowDetailsController.swift */ = {isa = PBXFileReference; lastKnownFileType = sourcecode.swift; path = ShowDetailsController.swift; sourceTree = "<group>"; };
		4B93656D22B5ADA00099DD08 /* HTTPServerDelegate.swift */ = {isa = PBXFileReference; lastKnownFileType = sourcecode.swift; path = HTTPServerDelegate.swift; sourceTree = "<group>"; };
		4B93656F22B5AE2C0099DD08 /* AboutController.swift */ = {isa = PBXFileReference; lastKnownFileType = sourcecode.swift; path = AboutController.swift; sourceTree = "<group>"; };
		4B93657122B5B1FB0099DD08 /* AddSiteController.swift */ = {isa = PBXFileReference; lastKnownFileType = sourcecode.swift; path = AddSiteController.swift; sourceTree = "<group>"; };
		4B9525231F96BB820095F259 /* ObjFW.framework */ = {isa = PBXFileReference; lastKnownFileType = wrapper.framework; name = ObjFW.framework; path = Frameworks/ObjFW.framework; sourceTree = "<group>"; };
		4B9525241F96BB820095F259 /* ObjFWBridge.framework */ = {isa = PBXFileReference; lastKnownFileType = wrapper.framework; name = ObjFWBridge.framework; path = Frameworks/ObjFWBridge.framework; sourceTree = "<group>"; };
		4BA115CD1DA9432D007ED4EA /* LegacyPasswordGenerator.h */ = {isa = PBXFileReference; fileEncoding = 4; lastKnownFileType = sourcecode.c.h; name = LegacyPasswordGenerator.h; path = ../LegacyPasswordGenerator.h; sourceTree = "<group>"; };
		4BA115CE1DA9432D007ED4EA /* LegacyPasswordGenerator.m */ = {isa = PBXFileReference; fileEncoding = 4; lastKnownFileType = sourcecode.c.objc; name = LegacyPasswordGenerator.m; path = ../LegacyPasswordGenerator.m; sourceTree = "<group>"; };
		4BA115CF1DA9432D007ED4EA /* NewPasswordGenerator.h */ = {isa = PBXFileReference; fileEncoding = 4; lastKnownFileType = sourcecode.c.h; name = NewPasswordGenerator.h; path = ../NewPasswordGenerator.h; sourceTree = "<group>"; };
		4BA115D01DA9432D007ED4EA /* NewPasswordGenerator.m */ = {isa = PBXFileReference; fileEncoding = 4; lastKnownFileType = sourcecode.c.objc; name = NewPasswordGenerator.m; path = ../NewPasswordGenerator.m; sourceTree = "<group>"; };
		4BA115D11DA9432D007ED4EA /* PasswordGenerator.h */ = {isa = PBXFileReference; fileEncoding = 4; lastKnownFileType = sourcecode.c.h; name = PasswordGenerator.h; path = ../PasswordGenerator.h; sourceTree = "<group>"; };
		4BA115D51DA94390007ED4EA /* UIKit.framework */ = {isa = PBXFileReference; lastKnownFileType = wrapper.framework; name = UIKit.framework; path = System/Library/Frameworks/UIKit.framework; sourceTree = SDKROOT; };
		4BF4ADE91DA9A3DB0073B995 /* Foundation.framework */ = {isa = PBXFileReference; lastKnownFileType = wrapper.framework; name = Foundation.framework; path = System/Library/Frameworks/Foundation.framework; sourceTree = SDKROOT; };
		4BF4C39F22B602F50034FCED /* main.m */ = {isa = PBXFileReference; fileEncoding = 4; lastKnownFileType = sourcecode.c.objc; path = main.m; sourceTree = "<group>"; };
/* End PBXFileReference section */

/* Begin PBXFrameworksBuildPhase section */
		4B2E52D91DA942840040D091 /* Frameworks */ = {
			isa = PBXFrameworksBuildPhase;
			buildActionMask = 2147483647;
			files = (
				4BF4ADEA1DA9A3DB0073B995 /* Foundation.framework in Frameworks */,
				4BA115D61DA94390007ED4EA /* UIKit.framework in Frameworks */,
				4B9525251F96BB900095F259 /* ObjFW.framework in Frameworks */,
				4B9525261F96BB900095F259 /* ObjFWBridge.framework in Frameworks */,
			);
			runOnlyForDeploymentPostprocessing = 0;
		};
/* End PBXFrameworksBuildPhase section */

/* Begin PBXGroup section */
		4B2E52D31DA942840040D091 = {
			isa = PBXGroup;
			children = (
				4BA115CC1DA9431D007ED4EA /* CryptoPassphrase */,
				4B2E52DD1DA942840040D091 /* Products */,
				4BA115D41DA94390007ED4EA /* Frameworks */,
			);
			sourceTree = "<group>";
		};
		4B2E52DD1DA942840040D091 /* Products */ = {
			isa = PBXGroup;
			children = (
				4B2E52DC1DA942840040D091 /* CryptoPassphrase.app */,
			);
			name = Products;
			sourceTree = "<group>";
		};
		4B2E52DE1DA942840040D091 /* iOS */ = {
			isa = PBXGroup;
			children = (
				4B2E52EB1DA942840040D091 /* Assets.xcassets */,
				4B93656F22B5AE2C0099DD08 /* AboutController.swift */,
				4B93657122B5B1FB0099DD08 /* AddSiteController.swift */,
				4B5BCEF822B5B94C00E551BD /* AppDelegate.swift */,
				4B93656D22B5ADA00099DD08 /* HTTPServerDelegate.swift */,
				4B2E52F01DA942840040D091 /* Info.plist */,
				4B2E52ED1DA942840040D091 /* LaunchScreen.storyboard */,
				4B2E52E81DA942840040D091 /* Main.storyboard */,
				4B5BCEFA22B5CF3200E551BD /* MainViewController.swift */,
				4B5BCEFC22B5D98800E551BD /* SelectKeyFileController.swift */,
				4B5BCEFE22B5E36900E551BD /* ShowDetailsController.swift */,
				4B31D80822B58F0F00494B15 /* SiteStorage.swift */,
				4B38148322B5ED01005C27B2 /* bridge.h */,
				4BF4C39F22B602F50034FCED /* main.m */,
			);
			name = iOS;
			sourceTree = "<group>";
		};
		4BA115CC1DA9431D007ED4EA /* CryptoPassphrase */ = {
			isa = PBXGroup;
			children = (
				4B2E52DE1DA942840040D091 /* iOS */,
				4BA115CD1DA9432D007ED4EA /* LegacyPasswordGenerator.h */,
				4BA115CE1DA9432D007ED4EA /* LegacyPasswordGenerator.m */,
				4BA115CF1DA9432D007ED4EA /* NewPasswordGenerator.h */,
				4BA115D01DA9432D007ED4EA /* NewPasswordGenerator.m */,
				4BA115D11DA9432D007ED4EA /* PasswordGenerator.h */,
			);
			name = CryptoPassphrase;
			sourceTree = "<group>";
		};
		4BA115D41DA94390007ED4EA /* Frameworks */ = {
			isa = PBXGroup;
			children = (
				4B9525231F96BB820095F259 /* ObjFW.framework */,
				4B9525241F96BB820095F259 /* ObjFWBridge.framework */,
				4BF4ADE91DA9A3DB0073B995 /* Foundation.framework */,
				4BA115D51DA94390007ED4EA /* UIKit.framework */,
			);
			name = Frameworks;
			sourceTree = "<group>";
		};
/* End PBXGroup section */

/* Begin PBXNativeTarget section */
		4B2E52DB1DA942840040D091 /* CryptoPassphrase */ = {
			isa = PBXNativeTarget;
			buildConfigurationList = 4B2E52F31DA942840040D091 /* Build configuration list for PBXNativeTarget "CryptoPassphrase" */;
			buildPhases = (
				4B2E52D81DA942840040D091 /* Sources */,
				4B2E52D91DA942840040D091 /* Frameworks */,
				4B2E52DA1DA942840040D091 /* Resources */,
				4BB3CDF61DA967C100FEE5ED /* Embed Frameworks */,
			);
			buildRules = (
			);
			dependencies = (
			);
			name = CryptoPassphrase;
			productName = CryptoPassphrase;
			productReference = 4B2E52DC1DA942840040D091 /* CryptoPassphrase.app */;
			productType = "com.apple.product-type.application";
		};
/* End PBXNativeTarget section */

/* Begin PBXProject section */
		4B2E52D41DA942840040D091 /* Project object */ = {
			isa = PBXProject;
			attributes = {
				LastUpgradeCheck = 1400;
				ORGANIZATIONNAME = "Jonathan Schleifer";
				TargetAttributes = {
					4B2E52DB1DA942840040D091 = {
						CreatedOnToolsVersion = 8.0;
						DevelopmentTeam = MXKNFCKFL6;
						LastSwiftMigration = 1020;
						ProvisioningStyle = Automatic;
					};
				};
			};
			buildConfigurationList = 4B2E52D71DA942840040D091 /* Build configuration list for PBXProject "CryptoPassphrase" */;
			compatibilityVersion = "Xcode 3.2";
			developmentRegion = en;
			hasScannedForEncodings = 0;
			knownRegions = (
				en,
				Base,
			);
			mainGroup = 4B2E52D31DA942840040D091;
			productRefGroup = 4B2E52DD1DA942840040D091 /* Products */;
			projectDirPath = "";
			projectRoot = "";
			targets = (
				4B2E52DB1DA942840040D091 /* CryptoPassphrase */,
			);
		};
/* End PBXProject section */

/* Begin PBXResourcesBuildPhase section */
		4B2E52DA1DA942840040D091 /* Resources */ = {
			isa = PBXResourcesBuildPhase;
			buildActionMask = 2147483647;
			files = (
				4B2E52EF1DA942840040D091 /* LaunchScreen.storyboard in Resources */,
				4B2E52EC1DA942840040D091 /* Assets.xcassets in Resources */,
				4B2E52EA1DA942840040D091 /* Main.storyboard in Resources */,
			);
			runOnlyForDeploymentPostprocessing = 0;
		};
/* End PBXResourcesBuildPhase section */

/* Begin PBXSourcesBuildPhase section */
		4B2E52D81DA942840040D091 /* Sources */ = {
			isa = PBXSourcesBuildPhase;
			buildActionMask = 2147483647;
			files = (
				4B5BCEF922B5B94C00E551BD /* AppDelegate.swift in Sources */,
				4B93656E22B5ADA00099DD08 /* HTTPServerDelegate.swift in Sources */,
				4B5BCEFB22B5CF3200E551BD /* MainViewController.swift in Sources */,
				4B93657222B5B1FB0099DD08 /* AddSiteController.swift in Sources */,
				4BA115D21DA9432D007ED4EA /* LegacyPasswordGenerator.m in Sources */,
				4BA115D31DA9432D007ED4EA /* NewPasswordGenerator.m in Sources */,
				4B31D80922B58F0F00494B15 /* SiteStorage.swift in Sources */,
				4B5BCEFD22B5D98800E551BD /* SelectKeyFileController.swift in Sources */,
				4B5BCEFF22B5E36900E551BD /* ShowDetailsController.swift in Sources */,
				4BF4C3A022B602F50034FCED /* main.m in Sources */,
				4B93657022B5AE2C0099DD08 /* AboutController.swift in Sources */,
			);
			runOnlyForDeploymentPostprocessing = 0;
		};
/* End PBXSourcesBuildPhase section */

/* Begin PBXVariantGroup section */
		4B2E52E81DA942840040D091 /* Main.storyboard */ = {
			isa = PBXVariantGroup;
			children = (
				4B2E52E91DA942840040D091 /* Base */,
			);
			name = Main.storyboard;
			sourceTree = "<group>";
		};
		4B2E52ED1DA942840040D091 /* LaunchScreen.storyboard */ = {
			isa = PBXVariantGroup;
			children = (
				4B2E52EE1DA942840040D091 /* Base */,
			);
			name = LaunchScreen.storyboard;
			sourceTree = "<group>";
		};
/* End PBXVariantGroup section */

/* Begin XCBuildConfiguration section */
		4B2E52F11DA942840040D091 /* Debug */ = {
			isa = XCBuildConfiguration;
			buildSettings = {
				ALWAYS_SEARCH_USER_PATHS = NO;
				CLANG_ANALYZER_LOCALIZABILITY_NONLOCALIZED = YES;
				CLANG_ANALYZER_NONNULL = YES;
				CLANG_CXX_LIBRARY = "libc++";
				CLANG_ENABLE_OBJC_ARC = YES;
				CLANG_WARN_BLOCK_CAPTURE_AUTORELEASING = YES;
				CLANG_WARN_BOOL_CONVERSION = YES;
				CLANG_WARN_COMMA = YES;
				CLANG_WARN_CONSTANT_CONVERSION = YES;
				CLANG_WARN_DEPRECATED_OBJC_IMPLEMENTATIONS = YES;
				CLANG_WARN_DIRECT_OBJC_ISA_USAGE = YES_ERROR;
				CLANG_WARN_DOCUMENTATION_COMMENTS = YES;
				CLANG_WARN_EMPTY_BODY = YES;
				CLANG_WARN_ENUM_CONVERSION = YES;
				CLANG_WARN_INFINITE_RECURSION = YES;
				CLANG_WARN_INT_CONVERSION = YES;
				CLANG_WARN_NON_LITERAL_NULL_CONVERSION = YES;
				CLANG_WARN_OBJC_IMPLICIT_RETAIN_SELF = YES;
				CLANG_WARN_OBJC_LITERAL_CONVERSION = YES;
				CLANG_WARN_OBJC_ROOT_CLASS = YES_ERROR;
				CLANG_WARN_RANGE_LOOP_ANALYSIS = YES;
				CLANG_WARN_STRICT_PROTOTYPES = YES;
				CLANG_WARN_SUSPICIOUS_MOVE = YES;
				CLANG_WARN_SUSPICIOUS_MOVES = YES;
				CLANG_WARN_UNREACHABLE_CODE = YES;
				CLANG_WARN__DUPLICATE_METHOD_MATCH = YES;
				"CODE_SIGN_IDENTITY[sdk=iphoneos*]" = "iPhone Developer";
				COPY_PHASE_STRIP = NO;
				DEBUG_INFORMATION_FORMAT = dwarf;
				ENABLE_STRICT_OBJC_MSGSEND = YES;
				ENABLE_TESTABILITY = YES;
				GCC_NO_COMMON_BLOCKS = YES;
				GCC_OPTIMIZATION_LEVEL = 0;
				GCC_PREPROCESSOR_DEFINITIONS = (
					"DEBUG=1",
					"$(inherited)",
				);
				GCC_WARN_64_TO_32_BIT_CONVERSION = YES;
				GCC_WARN_ABOUT_RETURN_TYPE = YES_ERROR;
				GCC_WARN_UNDECLARED_SELECTOR = YES;
				GCC_WARN_UNINITIALIZED_AUTOS = YES_AGGRESSIVE;
				GCC_WARN_UNUSED_FUNCTION = YES;
				GCC_WARN_UNUSED_VARIABLE = YES;
				IPHONEOS_DEPLOYMENT_TARGET = 9.0;
				MTL_ENABLE_DEBUG_INFO = YES;
				ONLY_ACTIVE_ARCH = YES;
				SDKROOT = iphoneos;
			};
			name = Debug;
		};
		4B2E52F21DA942840040D091 /* Release */ = {
			isa = XCBuildConfiguration;
			buildSettings = {
				ALWAYS_SEARCH_USER_PATHS = NO;
				CLANG_ANALYZER_LOCALIZABILITY_NONLOCALIZED = YES;
				CLANG_ANALYZER_NONNULL = YES;
				CLANG_CXX_LIBRARY = "libc++";
				CLANG_ENABLE_OBJC_ARC = YES;
				CLANG_WARN_BLOCK_CAPTURE_AUTORELEASING = YES;
				CLANG_WARN_BOOL_CONVERSION = YES;
				CLANG_WARN_COMMA = YES;
				CLANG_WARN_CONSTANT_CONVERSION = YES;
				CLANG_WARN_DEPRECATED_OBJC_IMPLEMENTATIONS = YES;
				CLANG_WARN_DIRECT_OBJC_ISA_USAGE = YES_ERROR;
				CLANG_WARN_DOCUMENTATION_COMMENTS = YES;
				CLANG_WARN_EMPTY_BODY = YES;
				CLANG_WARN_ENUM_CONVERSION = YES;
				CLANG_WARN_INFINITE_RECURSION = YES;
				CLANG_WARN_INT_CONVERSION = YES;
				CLANG_WARN_NON_LITERAL_NULL_CONVERSION = YES;
				CLANG_WARN_OBJC_IMPLICIT_RETAIN_SELF = YES;
				CLANG_WARN_OBJC_LITERAL_CONVERSION = YES;
				CLANG_WARN_OBJC_ROOT_CLASS = YES_ERROR;
				CLANG_WARN_RANGE_LOOP_ANALYSIS = YES;
				CLANG_WARN_STRICT_PROTOTYPES = YES;
				CLANG_WARN_SUSPICIOUS_MOVE = YES;
				CLANG_WARN_SUSPICIOUS_MOVES = YES;
				CLANG_WARN_UNREACHABLE_CODE = YES;
				CLANG_WARN__DUPLICATE_METHOD_MATCH = YES;
				"CODE_SIGN_IDENTITY[sdk=iphoneos*]" = "iPhone Developer";
				COPY_PHASE_STRIP = NO;
				DEBUG_INFORMATION_FORMAT = "dwarf-with-dsym";
				ENABLE_NS_ASSERTIONS = NO;
				ENABLE_STRICT_OBJC_MSGSEND = YES;
				GCC_NO_COMMON_BLOCKS = YES;
				GCC_WARN_64_TO_32_BIT_CONVERSION = YES;
				GCC_WARN_ABOUT_RETURN_TYPE = YES_ERROR;
				GCC_WARN_UNDECLARED_SELECTOR = YES;
				GCC_WARN_UNINITIALIZED_AUTOS = YES_AGGRESSIVE;
				GCC_WARN_UNUSED_FUNCTION = YES;
				GCC_WARN_UNUSED_VARIABLE = YES;
				IPHONEOS_DEPLOYMENT_TARGET = 9.0;
				MTL_ENABLE_DEBUG_INFO = NO;
				SDKROOT = iphoneos;
				SWIFT_COMPILATION_MODE = wholemodule;
				VALIDATE_PRODUCT = YES;
			};
			name = Release;
		};
		4B2E52F41DA942840040D091 /* Debug */ = {
			isa = XCBuildConfiguration;
			buildSettings = {
				ASSETCATALOG_COMPILER_APPICON_NAME = AppIcon;
				CLANG_ENABLE_MODULES = YES;
				CLANG_ENABLE_OBJC_ARC = NO;
				CLANG_ENABLE_OBJC_WEAK = YES;
				DEVELOPMENT_TEAM = MXKNFCKFL6;
				ENABLE_BITCODE = NO;
				FRAMEWORK_SEARCH_PATHS = (
					"$(inherited)",
					"$(PROJECT_DIR)/Frameworks",
				);
				INFOPLIST_FILE = Info.plist;
				LD_RUNPATH_SEARCH_PATHS = "$(inherited) @executable_path/Frameworks";
				MARKETING_VERSION = 1.3;
				PRODUCT_BUNDLE_IDENTIFIER = "zone.heap.scrypt-pwgen.ios";
				PRODUCT_NAME = "$(TARGET_NAME)";
				SWIFT_OBJC_BRIDGING_HEADER = bridge.h;
				SWIFT_OPTIMIZATION_LEVEL = "-Onone";
				SWIFT_VERSION = 5.0;
				TARGETED_DEVICE_FAMILY = "1,2";
			};
			name = Debug;
		};
		4B2E52F51DA942840040D091 /* Release */ = {
			isa = XCBuildConfiguration;
			buildSettings = {
				ASSETCATALOG_COMPILER_APPICON_NAME = AppIcon;
				CLANG_ENABLE_MODULES = YES;
				CLANG_ENABLE_OBJC_ARC = NO;
				CLANG_ENABLE_OBJC_WEAK = YES;
				DEVELOPMENT_TEAM = MXKNFCKFL6;
				ENABLE_BITCODE = NO;
				FRAMEWORK_SEARCH_PATHS = (
					"$(inherited)",
					"$(PROJECT_DIR)/Frameworks",
				);
				INFOPLIST_FILE = Info.plist;
				LD_RUNPATH_SEARCH_PATHS = "$(inherited) @executable_path/Frameworks";
				MARKETING_VERSION = 1.3;
				PRODUCT_BUNDLE_IDENTIFIER = "zone.heap.scrypt-pwgen.ios";
				PRODUCT_NAME = "$(TARGET_NAME)";
				SWIFT_OBJC_BRIDGING_HEADER = bridge.h;
				SWIFT_VERSION = 5.0;
				TARGETED_DEVICE_FAMILY = "1,2";
			};
			name = Release;
		};
/* End XCBuildConfiguration section */

/* Begin XCConfigurationList section */
		4B2E52D71DA942840040D091 /* Build configuration list for PBXProject "CryptoPassphrase" */ = {
			isa = XCConfigurationList;
			buildConfigurations = (
				4B2E52F11DA942840040D091 /* Debug */,
				4B2E52F21DA942840040D091 /* Release */,
			);
			defaultConfigurationIsVisible = 0;
			defaultConfigurationName = Release;
		};
		4B2E52F31DA942840040D091 /* Build configuration list for PBXNativeTarget "CryptoPassphrase" */ = {
			isa = XCConfigurationList;
			buildConfigurations = (
				4B2E52F41DA942840040D091 /* Debug */,
				4B2E52F51DA942840040D091 /* Release */,
			);
			defaultConfigurationIsVisible = 0;
			defaultConfigurationName = Release;
		};
/* End XCConfigurationList section */
	};
	rootObject = 4B2E52D41DA942840040D091 /* Project object */;
}
